
Microsoft Visual Studio Solution File, Format Version 12.00
# Visual Studio 2013
VisualStudioVersion = 12.0.20623.1 VSUPREVIEW
MinimumVisualStudioVersion = 10.0.40219.1
Project("{FAE04EC0-301F-11D3-BF4B-00C04F79EFBC}") = "Naru.WPF", "Naru.WPF\Naru.WPF.csproj", "{6DA2B9AD-0810-4C8C-A886-EDBD8130C89B}"
EndProject
Project("{FAE04EC0-301F-11D3-BF4B-00C04F79EFBC}") = "Naru.WPF.ModernUI", "Naru.WPF.ModernUI\Naru.WPF.ModernUI.csproj", "{CA857197-FC3D-4185-A4CA-CB8B78828B48}"
EndProject
Project("{FAE04EC0-301F-11D3-BF4B-00C04F79EFBC}") = "Naru.WPF.Tests", "Naru.WPF.Tests\Naru.WPF.Tests.csproj", "{79909CE6-28AC-404D-AB05-C3BAFE84C164}"
EndProject
Project("{FAE04EC0-301F-11D3-BF4B-00C04F79EFBC}") = "Naru.Tests", "Naru.Tests\Naru.Tests.csproj", "{28BFF6B4-12E5-4F81-851F-BA40DB9C900B}"
EndProject
Project("{2150E333-8FDC-42A3-9474-1A3956D46DE8}") = "Licenses", "Licenses", "{54BBBCAC-F802-44A3-8C22-FEF5899D6FDD}"
	ProjectSection(SolutionItems) = preProject
		licenses\License.icons.txt = licenses\License.icons.txt
		licenses\License.Modern.UI.txt = licenses\License.Modern.UI.txt
		licenses\License.RelativeAnimatingContentControl.txt = licenses\License.RelativeAnimatingContentControl.txt
	EndProjectSection
EndProject
Project("{2150E333-8FDC-42A3-9474-1A3956D46DE8}") = ".nuget", ".nuget", "{FF8EB4FA-04E3-4BF7-9D8A-64D38436A5F7}"
	ProjectSection(SolutionItems) = preProject
		.nuget\NuGet.Config = .nuget\NuGet.Config
		.nuget\NuGet.exe = .nuget\NuGet.exe
		.nuget\NuGet.targets = .nuget\NuGet.targets
	EndProjectSection
EndProject
Project("{FAE04EC0-301F-11D3-BF4B-00C04F79EFBC}") = "Naru.TPL", "Naru.TPL\Naru.TPL.csproj", "{2BBCA269-6FDF-446D-9651-32717907AFA8}"
EndProject
Project("{FAE04EC0-301F-11D3-BF4B-00C04F79EFBC}") = "Naru.TPL.Tests", "Naru.TPL.Tests\Naru.TPL.Tests.csproj", "{2D4294BF-4452-4371-AFA4-6870F45FD8BA}"
EndProject
Project("{FAE04EC0-301F-11D3-BF4B-00C04F79EFBC}") = "Naru.WPF.Prism", "Naru.WPF.Prism\Naru.WPF.Prism.csproj", "{9FB203D3-FCDF-4BC5-8C57-267B116A8436}"
EndProject
Project("{FAE04EC0-301F-11D3-BF4B-00C04F79EFBC}") = "Naru.WPF.Prism.Tests", "Naru.WPF.Prism.Tests\Naru.WPF.Prism.Tests.csproj", "{CEE7AAAD-1AB3-4CD7-AA13-DBA70B26626B}"
EndProject
Global
	GlobalSection(SolutionConfigurationPlatforms) = preSolution
		Debug|Any CPU = Debug|Any CPU
		Release|Any CPU = Release|Any CPU
	EndGlobalSection
	GlobalSection(ProjectConfigurationPlatforms) = postSolution
		{6DA2B9AD-0810-4C8C-A886-EDBD8130C89B}.Debug|Any CPU.ActiveCfg = Debug|Any CPU
		{6DA2B9AD-0810-4C8C-A886-EDBD8130C89B}.Debug|Any CPU.Build.0 = Debug|Any CPU
		{6DA2B9AD-0810-4C8C-A886-EDBD8130C89B}.Release|Any CPU.ActiveCfg = Release|Any CPU
		{6DA2B9AD-0810-4C8C-A886-EDBD8130C89B}.Release|Any CPU.Build.0 = Release|Any CPU
		{CA857197-FC3D-4185-A4CA-CB8B78828B48}.Debug|Any CPU.ActiveCfg = Debug|Any CPU
		{CA857197-FC3D-4185-A4CA-CB8B78828B48}.Debug|Any CPU.Build.0 = Debug|Any CPU
		{CA857197-FC3D-4185-A4CA-CB8B78828B48}.Release|Any CPU.ActiveCfg = Release|Any CPU
		{CA857197-FC3D-4185-A4CA-CB8B78828B48}.Release|Any CPU.Build.0 = Release|Any CPU
		{79909CE6-28AC-404D-AB05-C3BAFE84C164}.Debug|Any CPU.ActiveCfg = Debug|Any CPU
		{79909CE6-28AC-404D-AB05-C3BAFE84C164}.Debug|Any CPU.Build.0 = Debug|Any CPU
		{79909CE6-28AC-404D-AB05-C3BAFE84C164}.Release|Any CPU.ActiveCfg = Release|Any CPU
		{79909CE6-28AC-404D-AB05-C3BAFE84C164}.Release|Any CPU.Build.0 = Release|Any CPU
		{28BFF6B4-12E5-4F81-851F-BA40DB9C900B}.Debug|Any CPU.ActiveCfg = Debug|Any CPU
		{28BFF6B4-12E5-4F81-851F-BA40DB9C900B}.Debug|Any CPU.Build.0 = Debug|Any CPU
		{28BFF6B4-12E5-4F81-851F-BA40DB9C900B}.Release|Any CPU.ActiveCfg = Release|Any CPU
		{28BFF6B4-12E5-4F81-851F-BA40DB9C900B}.Release|Any CPU.Build.0 = Release|Any CPU
		{2BBCA269-6FDF-446D-9651-32717907AFA8}.Debug|Any CPU.ActiveCfg = Debug|Any CPU
		{2BBCA269-6FDF-446D-9651-32717907AFA8}.Debug|Any CPU.Build.0 = Debug|Any CPU
		{2BBCA269-6FDF-446D-9651-32717907AFA8}.Release|Any CPU.ActiveCfg = Release|Any CPU
		{2BBCA269-6FDF-446D-9651-32717907AFA8}.Release|Any CPU.Build.0 = Release|Any CPU
		{2D4294BF-4452-4371-AFA4-6870F45FD8BA}.Debug|Any CPU.ActiveCfg = Debug|Any CPU
		{2D4294BF-4452-4371-AFA4-6870F45FD8BA}.Debug|Any CPU.Build.0 = Debug|Any CPU
		{2D4294BF-4452-4371-AFA4-6870F45FD8BA}.Release|Any CPU.ActiveCfg = Release|Any CPU
		{2D4294BF-4452-4371-AFA4-6870F45FD8BA}.Release|Any CPU.Build.0 = Release|Any CPU
		{9FB203D3-FCDF-4BC5-8C57-267B116A8436}.Debug|Any CPU.ActiveCfg = Debug|Any CPU
		{9FB203D3-FCDF-4BC5-8C57-267B116A8436}.Debug|Any CPU.Build.0 = Debug|Any CPU
		{9FB203D3-FCDF-4BC5-8C57-267B116A8436}.Release|Any CPU.ActiveCfg = Release|Any CPU
		{9FB203D3-FCDF-4BC5-8C57-267B116A8436}.Release|Any CPU.Build.0 = Release|Any CPU
		{CEE7AAAD-1AB3-4CD7-AA13-DBA70B26626B}.Debug|Any CPU.ActiveCfg = Debug|Any CPU
		{CEE7AAAD-1AB3-4CD7-AA13-DBA70B26626B}.Debug|Any CPU.Build.0 = Debug|Any CPU
		{CEE7AAAD-1AB3-4CD7-AA13-DBA70B26626B}.Release|Any CPU.ActiveCfg = Release|Any CPU
		{CEE7AAAD-1AB3-4CD7-AA13-DBA70B26626B}.Release|Any CPU.Build.0 = Release|Any CPU
	EndGlobalSection
	GlobalSection(SolutionProperties) = preSolution
		HideSolutionNode = FALSE
	EndGlobalSection
	GlobalSection(ExtensibilityGlobals) = postSolution
		EnterpriseLibraryConfigurationToolBinariesPath = packages\Unity.2.1.505.2\lib\NET35
	EndGlobalSection
EndGlobal
