
Microsoft Visual Studio Solution File, Format Version 12.00
# Visual Studio 2013
VisualStudioVersion = 12.0.21005.1
MinimumVisualStudioVersion = 10.0.40219.1
Project("{FAE04EC0-301F-11D3-BF4B-00C04F79EFBC}") = "Naru.WPF", "Naru.WPF\Naru.WPF.csproj", "{6DA2B9AD-0810-4C8C-A886-EDBD8130C89B}"
EndProject
Project("{FAE04EC0-301F-11D3-BF4B-00C04F79EFBC}") = "Naru.WPF.Tests", "Naru.WPF.Tests\Naru.WPF.Tests.csproj", "{79909CE6-28AC-404D-AB05-C3BAFE84C164}"
EndProject
Project("{FAE04EC0-301F-11D3-BF4B-00C04F79EFBC}") = "Naru.Tests", "Naru.Tests\Naru.Tests.csproj", "{28BFF6B4-12E5-4F81-851F-BA40DB9C900B}"
EndProject
Project("{2150E333-8FDC-42A3-9474-1A3956D46DE8}") = "Licenses", "Licenses", "{54BBBCAC-F802-44A3-8C22-FEF5899D6FDD}"
	ProjectSection(SolutionItems) = preProject
		licenses\License.icons.txt = licenses\License.icons.txt
		licenses\License.Modern.UI.txt = licenses\License.Modern.UI.txt
		licenses\License.RelativeAnimatingContentControl.txt = licenses\License.RelativeAnimatingContentControl.txt
	EndProjectSection
EndProject
Project("{2150E333-8FDC-42A3-9474-1A3956D46DE8}") = ".nuget", ".nuget", "{FF8EB4FA-04E3-4BF7-9D8A-64D38436A5F7}"
	ProjectSection(SolutionItems) = preProject
		.nuget\NuGet.Config = .nuget\NuGet.Config
		.nuget\NuGet.exe = .nuget\NuGet.exe
		.nuget\NuGet.targets = .nuget\NuGet.targets
	EndProjectSection
EndProject
Project("{FAE04EC0-301F-11D3-BF4B-00C04F79EFBC}") = "Naru.TPL", "Naru.TPL\Naru.TPL.csproj", "{2BBCA269-6FDF-446D-9651-32717907AFA8}"
EndProject
Project("{FAE04EC0-301F-11D3-BF4B-00C04F79EFBC}") = "Naru.TPL.Tests", "Naru.TPL.Tests\Naru.TPL.Tests.csproj", "{2D4294BF-4452-4371-AFA4-6870F45FD8BA}"
EndProject
Project("{FAE04EC0-301F-11D3-BF4B-00C04F79EFBC}") = "Naru.Core", "Naru.Core\Naru.Core.csproj", "{17EA4111-2679-4155-A6E5-FE45E171AC2B}"
EndProject
Project("{FAE04EC0-301F-11D3-BF4B-00C04F79EFBC}") = "Naru.Log4Net", "Naru.Log4Net\Naru.Log4Net.csproj", "{72505099-F699-406D-BCEC-8850CDFD49F3}"
EndProject
Project("{FAE04EC0-301F-11D3-BF4B-00C04F79EFBC}") = "Naru.Agatha", "Naru.Agatha\Naru.Agatha.csproj", "{1D9CA7E1-B622-4C2C-B0CC-B317404C8F45}"
EndProject
Project("{FAE04EC0-301F-11D3-BF4B-00C04F79EFBC}") = "Naru.Core.Tests", "Naru.Core.Tests\Naru.Core.Tests.csproj", "{6561CC1C-25FC-4C0D-BD4C-5009AA3C70A7}"
EndProject
Project("{FAE04EC0-301F-11D3-BF4B-00C04F79EFBC}") = "Naru.RX", "Naru.RX\Naru.RX.csproj", "{9A778612-DF3E-417A-91F7-E354A1B3A412}"
EndProject
Project("{FAE04EC0-301F-11D3-BF4B-00C04F79EFBC}") = "Naru.RX.Tests", "Naru.RX.Tests\Naru.RX.Tests.csproj", "{52CDA49A-4BD7-4DBC-82D2-1FA3224E9703}"
EndProject
Project("{FAE04EC0-301F-11D3-BF4B-00C04F79EFBC}") = "Naru.Aufofac", "Naru.Aufofac\Naru.Aufofac.csproj", "{15981272-C201-438A-AEEF-CE3CACD97179}"
EndProject
Global
	GlobalSection(SolutionConfigurationPlatforms) = preSolution
		Debug|Any CPU = Debug|Any CPU
		Release|Any CPU = Release|Any CPU
	EndGlobalSection
	GlobalSection(ProjectConfigurationPlatforms) = postSolution
		{6DA2B9AD-0810-4C8C-A886-EDBD8130C89B}.Debug|Any CPU.ActiveCfg = Debug|Any CPU
		{6DA2B9AD-0810-4C8C-A886-EDBD8130C89B}.Debug|Any CPU.Build.0 = Debug|Any CPU
		{6DA2B9AD-0810-4C8C-A886-EDBD8130C89B}.Release|Any CPU.ActiveCfg = Release|Any CPU
		{6DA2B9AD-0810-4C8C-A886-EDBD8130C89B}.Release|Any CPU.Build.0 = Release|Any CPU
		{79909CE6-28AC-404D-AB05-C3BAFE84C164}.Debug|Any CPU.ActiveCfg = Debug|Any CPU
		{79909CE6-28AC-404D-AB05-C3BAFE84C164}.Debug|Any CPU.Build.0 = Debug|Any CPU
		{79909CE6-28AC-404D-AB05-C3BAFE84C164}.Release|Any CPU.ActiveCfg = Release|Any CPU
		{79909CE6-28AC-404D-AB05-C3BAFE84C164}.Release|Any CPU.Build.0 = Release|Any CPU
		{28BFF6B4-12E5-4F81-851F-BA40DB9C900B}.Debug|Any CPU.ActiveCfg = Debug|Any CPU
		{28BFF6B4-12E5-4F81-851F-BA40DB9C900B}.Debug|Any CPU.Build.0 = Debug|Any CPU
		{28BFF6B4-12E5-4F81-851F-BA40DB9C900B}.Release|Any CPU.ActiveCfg = Release|Any CPU
		{28BFF6B4-12E5-4F81-851F-BA40DB9C900B}.Release|Any CPU.Build.0 = Release|Any CPU
		{2BBCA269-6FDF-446D-9651-32717907AFA8}.Debug|Any CPU.ActiveCfg = Debug|Any CPU
		{2BBCA269-6FDF-446D-9651-32717907AFA8}.Debug|Any CPU.Build.0 = Debug|Any CPU
		{2BBCA269-6FDF-446D-9651-32717907AFA8}.Release|Any CPU.ActiveCfg = Release|Any CPU
		{2BBCA269-6FDF-446D-9651-32717907AFA8}.Release|Any CPU.Build.0 = Release|Any CPU
		{2D4294BF-4452-4371-AFA4-6870F45FD8BA}.Debug|Any CPU.ActiveCfg = Debug|Any CPU
		{2D4294BF-4452-4371-AFA4-6870F45FD8BA}.Debug|Any CPU.Build.0 = Debug|Any CPU
		{2D4294BF-4452-4371-AFA4-6870F45FD8BA}.Release|Any CPU.ActiveCfg = Release|Any CPU
		{2D4294BF-4452-4371-AFA4-6870F45FD8BA}.Release|Any CPU.Build.0 = Release|Any CPU
		{17EA4111-2679-4155-A6E5-FE45E171AC2B}.Debug|Any CPU.ActiveCfg = Debug|Any CPU
		{17EA4111-2679-4155-A6E5-FE45E171AC2B}.Debug|Any CPU.Build.0 = Debug|Any CPU
		{17EA4111-2679-4155-A6E5-FE45E171AC2B}.Release|Any CPU.ActiveCfg = Release|Any CPU
		{17EA4111-2679-4155-A6E5-FE45E171AC2B}.Release|Any CPU.Build.0 = Release|Any CPU
		{72505099-F699-406D-BCEC-8850CDFD49F3}.Debug|Any CPU.ActiveCfg = Debug|Any CPU
		{72505099-F699-406D-BCEC-8850CDFD49F3}.Debug|Any CPU.Build.0 = Debug|Any CPU
		{72505099-F699-406D-BCEC-8850CDFD49F3}.Release|Any CPU.ActiveCfg = Release|Any CPU
		{72505099-F699-406D-BCEC-8850CDFD49F3}.Release|Any CPU.Build.0 = Release|Any CPU
		{1D9CA7E1-B622-4C2C-B0CC-B317404C8F45}.Debug|Any CPU.ActiveCfg = Debug|Any CPU
		{1D9CA7E1-B622-4C2C-B0CC-B317404C8F45}.Debug|Any CPU.Build.0 = Debug|Any CPU
		{1D9CA7E1-B622-4C2C-B0CC-B317404C8F45}.Release|Any CPU.ActiveCfg = Release|Any CPU
		{1D9CA7E1-B622-4C2C-B0CC-B317404C8F45}.Release|Any CPU.Build.0 = Release|Any CPU
		{6561CC1C-25FC-4C0D-BD4C-5009AA3C70A7}.Debug|Any CPU.ActiveCfg = Debug|Any CPU
		{6561CC1C-25FC-4C0D-BD4C-5009AA3C70A7}.Debug|Any CPU.Build.0 = Debug|Any CPU
		{6561CC1C-25FC-4C0D-BD4C-5009AA3C70A7}.Release|Any CPU.ActiveCfg = Release|Any CPU
		{6561CC1C-25FC-4C0D-BD4C-5009AA3C70A7}.Release|Any CPU.Build.0 = Release|Any CPU
		{9A778612-DF3E-417A-91F7-E354A1B3A412}.Debug|Any CPU.ActiveCfg = Debug|Any CPU
		{9A778612-DF3E-417A-91F7-E354A1B3A412}.Debug|Any CPU.Build.0 = Debug|Any CPU
		{9A778612-DF3E-417A-91F7-E354A1B3A412}.Release|Any CPU.ActiveCfg = Release|Any CPU
		{9A778612-DF3E-417A-91F7-E354A1B3A412}.Release|Any CPU.Build.0 = Release|Any CPU
		{52CDA49A-4BD7-4DBC-82D2-1FA3224E9703}.Debug|Any CPU.ActiveCfg = Debug|Any CPU
		{52CDA49A-4BD7-4DBC-82D2-1FA3224E9703}.Debug|Any CPU.Build.0 = Debug|Any CPU
		{52CDA49A-4BD7-4DBC-82D2-1FA3224E9703}.Release|Any CPU.ActiveCfg = Release|Any CPU
		{52CDA49A-4BD7-4DBC-82D2-1FA3224E9703}.Release|Any CPU.Build.0 = Release|Any CPU
		{15981272-C201-438A-AEEF-CE3CACD97179}.Debug|Any CPU.ActiveCfg = Debug|Any CPU
		{15981272-C201-438A-AEEF-CE3CACD97179}.Debug|Any CPU.Build.0 = Debug|Any CPU
		{15981272-C201-438A-AEEF-CE3CACD97179}.Release|Any CPU.ActiveCfg = Release|Any CPU
		{15981272-C201-438A-AEEF-CE3CACD97179}.Release|Any CPU.Build.0 = Release|Any CPU
	EndGlobalSection
	GlobalSection(SolutionProperties) = preSolution
		HideSolutionNode = FALSE
	EndGlobalSection
	GlobalSection(ExtensibilityGlobals) = postSolution
		EnterpriseLibraryConfigurationToolBinariesPath = packages\Unity.2.1.505.2\lib\NET35;packages\Unity.Interception.2.1.505.2\lib\NET35
	EndGlobalSection
EndGlobal
